
Microsoft Visual Studio Solution File, Format Version 12.00
# Visual Studio Version 16
VisualStudioVersion = 16.0.31019.35
MinimumVisualStudioVersion = 10.0.40219.1
Project("{FAE04EC0-301F-11D3-BF4B-00C04F79EFBC}") = "NickSturchFlint_PartB_Application", "NickSturchFlint_PartB_Application\NickSturchFlint_PartB_Application.csproj", "{3D05890F-1B3C-4340-8074-36DD97930DD1}"
EndProject
Global
	GlobalSection(SolutionConfigurationPlatforms) = preSolution
		Debug|Any CPU = Debug|Any CPU
		Release|Any CPU = Release|Any CPU
	EndGlobalSection
	GlobalSection(ProjectConfigurationPlatforms) = postSolution
		{3D05890F-1B3C-4340-8074-36DD97930DD1}.Debug|Any CPU.ActiveCfg = Debug|Any CPU
		{3D05890F-1B3C-4340-8074-36DD97930DD1}.Debug|Any CPU.Build.0 = Debug|Any CPU
		{3D05890F-1B3C-4340-8074-36DD97930DD1}.Release|Any CPU.ActiveCfg = Release|Any CPU
		{3D05890F-1B3C-4340-8074-36DD97930DD1}.Release|Any CPU.Build.0 = Release|Any CPU
	EndGlobalSection
	GlobalSection(SolutionProperties) = preSolution
		HideSolutionNode = FALSE
	EndGlobalSection
	GlobalSection(ExtensibilityGlobals) = postSolution
		SolutionGuid = {E2D88062-5980-4836-B65A-D243328B5950}
	EndGlobalSection
EndGlobal
